
Microsoft Visual Studio Solution File, Format Version 12.00
# Visual Studio Version 17
VisualStudioVersion = 17.4.33205.214
MinimumVisualStudioVersion = 10.0.40219.1
Project("{FAE04EC0-301F-11D3-BF4B-00C04F79EFBC}") = "BooksAPI", "BooksAPI\BooksAPI.csproj", "{2334F9C0-1C7E-47FE-8881-3FD33FCF6B99}"
EndProject
Project("{FAE04EC0-301F-11D3-BF4B-00C04F79EFBC}") = "BooksAPI.Infrastructure", "BooksAPI.Infrastructure\BooksAPI.Infrastructure.csproj", "{45F632CC-98E9-49C9-8AE1-BA272774DDAB}"
EndProject
Project("{FAE04EC0-301F-11D3-BF4B-00C04F79EFBC}") = "BooksAPI.Core", "BooksAPI.Core\BooksAPI.Core.csproj", "{6F579A4B-B34D-47A7-BDB2-F36BC939C005}"
EndProject
Global
	GlobalSection(SolutionConfigurationPlatforms) = preSolution
		Debug|Any CPU = Debug|Any CPU
		Release|Any CPU = Release|Any CPU
	EndGlobalSection
	GlobalSection(ProjectConfigurationPlatforms) = postSolution
		{2334F9C0-1C7E-47FE-8881-3FD33FCF6B99}.Debug|Any CPU.ActiveCfg = Debug|Any CPU
		{2334F9C0-1C7E-47FE-8881-3FD33FCF6B99}.Debug|Any CPU.Build.0 = Debug|Any CPU
		{2334F9C0-1C7E-47FE-8881-3FD33FCF6B99}.Release|Any CPU.ActiveCfg = Release|Any CPU
		{2334F9C0-1C7E-47FE-8881-3FD33FCF6B99}.Release|Any CPU.Build.0 = Release|Any CPU
		{45F632CC-98E9-49C9-8AE1-BA272774DDAB}.Debug|Any CPU.ActiveCfg = Debug|Any CPU
		{45F632CC-98E9-49C9-8AE1-BA272774DDAB}.Debug|Any CPU.Build.0 = Debug|Any CPU
		{45F632CC-98E9-49C9-8AE1-BA272774DDAB}.Release|Any CPU.ActiveCfg = Release|Any CPU
		{45F632CC-98E9-49C9-8AE1-BA272774DDAB}.Release|Any CPU.Build.0 = Release|Any CPU
		{6F579A4B-B34D-47A7-BDB2-F36BC939C005}.Debug|Any CPU.ActiveCfg = Debug|Any CPU
		{6F579A4B-B34D-47A7-BDB2-F36BC939C005}.Debug|Any CPU.Build.0 = Debug|Any CPU
		{6F579A4B-B34D-47A7-BDB2-F36BC939C005}.Release|Any CPU.ActiveCfg = Release|Any CPU
		{6F579A4B-B34D-47A7-BDB2-F36BC939C005}.Release|Any CPU.Build.0 = Release|Any CPU
	EndGlobalSection
	GlobalSection(SolutionProperties) = preSolution
		HideSolutionNode = FALSE
	EndGlobalSection
	GlobalSection(ExtensibilityGlobals) = postSolution
		SolutionGuid = {0AC1F932-666F-4770-A13B-3D711D2DB0EC}
	EndGlobalSection
EndGlobal
